
Microsoft Visual Studio Solution File, Format Version 12.00
# Visual Studio 2012
Project("{FAE04EC0-301F-11D3-BF4B-00C04F79EFBC}") = "SeekYouRS", "SeekYouRS\SeekYouRS.csproj", "{C9898043-E704-4FCC-9D27-B0C77AD06E98}"
EndProject
Project("{FAE04EC0-301F-11D3-BF4B-00C04F79EFBC}") = "SeekYouRS.Tests", "SeekYouRS.Tests\SeekYouRS.Tests.csproj", "{38FAD4DE-9CD9-4660-8729-AA125BB0C4F1}"
EndProject
Project("{2150E333-8FDC-42A3-9474-1A3956D46DE8}") = ".nuget", ".nuget", "{FA62EA59-8C0B-4D06-8106-76FF2FDC1493}"
	ProjectSection(SolutionItems) = preProject
		.nuget\NuGet.Config = .nuget\NuGet.Config
		.nuget\NuGet.exe = .nuget\NuGet.exe
		.nuget\NuGet.targets = .nuget\NuGet.targets
	EndProjectSection
EndProject
Project("{2150E333-8FDC-42A3-9474-1A3956D46DE8}") = "Solution Items", "Solution Items", "{E03C3FF2-8095-4925-A400-A3D76D1EEAFB}"
	ProjectSection(SolutionItems) = preProject
		SeekYouRS.nuspec = SeekYouRS.nuspec
	EndProjectSection
EndProject
Project("{FAE04EC0-301F-11D3-BF4B-00C04F79EFBC}") = "SeekYouRS.EventStore", "SeekYouRS.EventStore\SeekYouRS.EventStore.csproj", "{BF420743-B165-4495-A9D2-22ADA6A85365}"
EndProject
Global
	GlobalSection(SolutionConfigurationPlatforms) = preSolution
		Debug|Any CPU = Debug|Any CPU
		Release|Any CPU = Release|Any CPU
	EndGlobalSection
	GlobalSection(ProjectConfigurationPlatforms) = postSolution
		{C9898043-E704-4FCC-9D27-B0C77AD06E98}.Debug|Any CPU.ActiveCfg = Debug|Any CPU
		{C9898043-E704-4FCC-9D27-B0C77AD06E98}.Debug|Any CPU.Build.0 = Debug|Any CPU
		{C9898043-E704-4FCC-9D27-B0C77AD06E98}.Release|Any CPU.ActiveCfg = Release|Any CPU
		{C9898043-E704-4FCC-9D27-B0C77AD06E98}.Release|Any CPU.Build.0 = Release|Any CPU
		{38FAD4DE-9CD9-4660-8729-AA125BB0C4F1}.Debug|Any CPU.ActiveCfg = Debug|Any CPU
		{38FAD4DE-9CD9-4660-8729-AA125BB0C4F1}.Debug|Any CPU.Build.0 = Debug|Any CPU
		{38FAD4DE-9CD9-4660-8729-AA125BB0C4F1}.Release|Any CPU.ActiveCfg = Release|Any CPU
		{38FAD4DE-9CD9-4660-8729-AA125BB0C4F1}.Release|Any CPU.Build.0 = Release|Any CPU
		{BF420743-B165-4495-A9D2-22ADA6A85365}.Debug|Any CPU.ActiveCfg = Debug|Any CPU
		{BF420743-B165-4495-A9D2-22ADA6A85365}.Debug|Any CPU.Build.0 = Debug|Any CPU
		{BF420743-B165-4495-A9D2-22ADA6A85365}.Release|Any CPU.ActiveCfg = Release|Any CPU
		{BF420743-B165-4495-A9D2-22ADA6A85365}.Release|Any CPU.Build.0 = Release|Any CPU
	EndGlobalSection
	GlobalSection(SolutionProperties) = preSolution
		HideSolutionNode = FALSE
	EndGlobalSection
EndGlobal
